
Microsoft Visual Studio Solution File, Format Version 12.00
# Visual Studio Version 17
VisualStudioVersion = 17.14.36221.1 d17.14
MinimumVisualStudioVersion = 10.0.40219.1
Project("{FAE04EC0-301F-11D3-BF4B-00C04F79EFBC}") = "Jobs.Api", "Jobs.Api\Jobs.Api.csproj", "{5E8C1AC1-73B4-4DA7-9FE1-3F9A41DEFE76}"
EndProject
Global
	GlobalSection(SolutionConfigurationPlatforms) = preSolution
		Debug|Any CPU = Debug|Any CPU
		Release|Any CPU = Release|Any CPU
	EndGlobalSection
	GlobalSection(ProjectConfigurationPlatforms) = postSolution
		{5E8C1AC1-73B4-4DA7-9FE1-3F9A41DEFE76}.Debug|Any CPU.ActiveCfg = Debug|Any CPU
		{5E8C1AC1-73B4-4DA7-9FE1-3F9A41DEFE76}.Debug|Any CPU.Build.0 = Debug|Any CPU
		{5E8C1AC1-73B4-4DA7-9FE1-3F9A41DEFE76}.Release|Any CPU.ActiveCfg = Release|Any CPU
		{5E8C1AC1-73B4-4DA7-9FE1-3F9A41DEFE76}.Release|Any CPU.Build.0 = Release|Any CPU
	EndGlobalSection
	GlobalSection(SolutionProperties) = preSolution
		HideSolutionNode = FALSE
	EndGlobalSection
	GlobalSection(ExtensibilityGlobals) = postSolution
		SolutionGuid = {727F6A80-E484-4E06-8331-293A275F7E29}
	EndGlobalSection
EndGlobal
